# THIS IS AN AUTOGENERATED FILE. DO NOT EDIT THIS FILE DIRECTLY.
# yarn lockfile v1


"@types/node@>=6", "@types/node@^12.7.0":
  version "12.7.12"
  resolved "https://registry.npm.taobao.org/@types/node/download/@types/node-12.7.12.tgz#7c6c571cc2f3f3ac4a59a5f2bd48f5bdbc8653cc"
  integrity sha1-fGxXHMLz86xKWaXyvUj1vbyGU8w=

"@types/zen-observable@^0.8.0":
  version "0.8.0"
  resolved "https://registry.npm.taobao.org/@types/zen-observable/download/@types/zen-observable-0.8.0.tgz?cache=0&sync_timestamp=1567535871051&other_urls=https%3A%2F%2Fregistry.npm.taobao.org%2F%40types%2Fzen-observable%2Fdownload%2F%40types%2Fzen-observable-0.8.0.tgz#8b63ab7f1aa5321248aad5ac890a485656dcea4d"
  integrity sha1-i2OrfxqlMhJIqtWsiQpIVlbc6k0=

"@wry/context@^0.4.0":
  version "0.4.4"
  resolved "https://registry.npm.taobao.org/@wry/context/download/@wry/context-0.4.4.tgz#e50f5fa1d6cfaabf2977d1fda5ae91717f8815f8"
  integrity sha1-5Q9fodbPqr8pd9H9pa6RcX+IFfg=
  dependencies:
    "@types/node" ">=6"
    tslib "^1.9.3"

"@wry/equality@^0.1.2":
  version "0.1.9"
  resolved "https://registry.npm.taobao.org/@wry/equality/download/@wry/equality-0.1.9.tgz?cache=0&other_urls=https%3A%2F%2Fregistry.npm.taobao.org%2F%40wry%2Fequality%2Fdownload%2F%40wry%2Fequality-0.1.9.tgz#b13e18b7a8053c6858aa6c85b54911fb31e3a909"
  integrity sha1-sT4Yt6gFPGhYqmyFtUkR+zHjqQk=
  dependencies:
    tslib "^1.9.3"

apollo-boost@^0.4.4:
  version "0.4.4"
  resolved "https://registry.npm.taobao.org/apollo-boost/download/apollo-boost-0.4.4.tgz#7c278dac6cb6fa3f2f710c56baddc6e3ae730651"
  integrity sha1-fCeNrGy2+j8vcQxWut3G465zBlE=
  dependencies:
    apollo-cache "^1.3.2"
    apollo-cache-inmemory "^1.6.3"
    apollo-client "^2.6.4"
    apollo-link "^1.0.6"
    apollo-link-error "^1.0.3"
    apollo-link-http "^1.3.1"
    graphql-tag "^2.4.2"
    ts-invariant "^0.4.0"
    tslib "^1.9.3"

apollo-cache-inmemory@^1.6.3:
  version "1.6.3"
  resolved "https://registry.npm.taobao.org/apollo-cache-inmemory/download/apollo-cache-inmemory-1.6.3.tgz#826861d20baca4abc45f7ca7a874105905b8525d"
  integrity sha1-gmhh0guspKvEX3ynqHQQWQW4Ul0=
  dependencies:
    apollo-cache "^1.3.2"
    apollo-utilities "^1.3.2"
    optimism "^0.10.0"
    ts-invariant "^0.4.0"
    tslib "^1.9.3"

apollo-cache@1.3.2, apollo-cache@^1.3.2:
  version "1.3.2"
  resolved "https://registry.npm.taobao.org/apollo-cache/download/apollo-cache-1.3.2.tgz#df4dce56240d6c95c613510d7e409f7214e6d26a"
  integrity sha1-303OViQNbJXGE1ENfkCfchTm0mo=
  dependencies:
    apollo-utilities "^1.3.2"
    tslib "^1.9.3"

apollo-client@^2.6.4:
  version "2.6.4"
  resolved "https://registry.npm.taobao.org/apollo-client/download/apollo-client-2.6.4.tgz#872c32927263a0d34655c5ef8a8949fbb20b6140"
  integrity sha1-hywyknJjoNNGVcXviolJ+7ILYUA=
  dependencies:
    "@types/zen-observable" "^0.8.0"
    apollo-cache "1.3.2"
    apollo-link "^1.0.0"
    apollo-utilities "1.3.2"
    symbol-observable "^1.0.2"
    ts-invariant "^0.4.0"
    tslib "^1.9.3"
    zen-observable "^0.8.0"

apollo-link-error@^1.0.3:
  version "1.1.12"
  resolved "https://registry.npm.taobao.org/apollo-link-error/download/apollo-link-error-1.1.12.tgz#e24487bb3c30af0654047611cda87038afbacbf9"
  integrity sha1-4kSHuzwwrwZUBHYRzahwOK+6y/k=
  dependencies:
    apollo-link "^1.2.13"
    apollo-link-http-common "^0.2.15"
    tslib "^1.9.3"

apollo-link-http-common@^0.2.15:
  version "0.2.15"
  resolved "https://registry.npm.taobao.org/apollo-link-http-common/download/apollo-link-http-common-0.2.15.tgz#304e67705122bf69a9abaded4351b10bc5efd6d9"
  integrity sha1-ME5ncFEiv2mpq63tQ1GxC8Xv1tk=
  dependencies:
    apollo-link "^1.2.13"
    ts-invariant "^0.4.0"
    tslib "^1.9.3"

apollo-link-http@^1.3.1:
  version "1.5.16"
  resolved "https://registry.npm.taobao.org/apollo-link-http/download/apollo-link-http-1.5.16.tgz#44fe760bcc2803b8a7f57fc9269173afb00f3814"
  integrity sha1-RP52C8woA7in9X/JJpFzr7APOBQ=
  dependencies:
    apollo-link "^1.2.13"
    apollo-link-http-common "^0.2.15"
    tslib "^1.9.3"

apollo-link@^1.0.0, apollo-link@^1.0.6, apollo-link@^1.2.13:
  version "1.2.13"
  resolved "https://registry.npm.taobao.org/apollo-link/download/apollo-link-1.2.13.tgz?cache=0&sync_timestamp=1567787464464&other_urls=https%3A%2F%2Fregistry.npm.taobao.org%2Fapollo-link%2Fdownload%2Fapollo-link-1.2.13.tgz#dff00fbf19dfcd90fddbc14b6a3f9a771acac6c4"
  integrity sha1-3/APvxnfzZD928FLaj+adxrKxsQ=
  dependencies:
    apollo-utilities "^1.3.0"
    ts-invariant "^0.4.0"
    tslib "^1.9.3"
    zen-observable-ts "^0.8.20"

apollo-utilities@1.3.2, apollo-utilities@^1.3.0, apollo-utilities@^1.3.2:
  version "1.3.2"
  resolved "https://registry.npm.taobao.org/apollo-utilities/download/apollo-utilities-1.3.2.tgz#8cbdcf8b012f664cd6cb5767f6130f5aed9115c9"
  integrity sha1-jL3PiwEvZkzWy1dn9hMPWu2RFck=
  dependencies:
    "@wry/equality" "^0.1.2"
    fast-json-stable-stringify "^2.0.0"
    ts-invariant "^0.4.0"
    tslib "^1.9.3"

arg@^4.1.0:
  version "4.1.1"
  resolved "https://registry.npm.taobao.org/arg/download/arg-4.1.1.tgz?cache=0&other_urls=https%3A%2F%2Fregistry.npm.taobao.org%2Farg%2Fdownload%2Farg-4.1.1.tgz#485f8e7c390ce4c5f78257dbea80d4be11feda4c"
  integrity sha1-SF+OfDkM5MX3glfb6oDUvhH+2kw=

buffer-from@^1.0.0:
  version "1.1.1"
  resolved "https://registry.npm.taobao.org/buffer-from/download/buffer-from-1.1.1.tgz#32713bc028f75c02fdb710d7c7bcec1f2c6070ef"
  integrity sha1-MnE7wCj3XAL9txDXx7zsHyxgcO8=

diff@^4.0.1:
  version "4.0.1"
  resolved "https://registry.npm.taobao.org/diff/download/diff-4.0.1.tgz#0c667cb467ebbb5cea7f14f135cc2dba7780a8ff"
  integrity sha1-DGZ8tGfru1zqfxTxNcwtuneAqP8=

fast-json-stable-stringify@^2.0.0:
  version "2.0.0"
  resolved "https://registry.npm.taobao.org/fast-json-stable-stringify/download/fast-json-stable-stringify-2.0.0.tgz#d5142c0caee6b1189f87d3a76111064f86c8bbf2"
  integrity sha1-1RQsDK7msRifh9OnYREGT4bIu/I=

graphql-tag@^2.10.1, graphql-tag@^2.4.2:
  version "2.10.1"
  resolved "https://registry.npm.taobao.org/graphql-tag/download/graphql-tag-2.10.1.tgz#10aa41f1cd8fae5373eaf11f1f67260a3cad5e02"
  integrity sha1-EKpB8c2PrlNz6vEfH2cmCjytXgI=

graphql@^14.5.8:
  version "14.5.8"
  resolved "https://registry.npm.taobao.org/graphql/download/graphql-14.5.8.tgz?cache=0&sync_timestamp=1569420205062&other_urls=https%3A%2F%2Fregistry.npm.taobao.org%2Fgraphql%2Fdownload%2Fgraphql-14.5.8.tgz#504f3d3114cb9a0a3f359bbbcf38d9e5bf6a6b3c"
  integrity sha1-UE89MRTLmgo/NZu7zzjZ5b9qazw=
  dependencies:
    iterall "^1.2.2"

iterall@^1.2.2:
  version "1.2.2"
  resolved "https://registry.npm.taobao.org/iterall/download/iterall-1.2.2.tgz#92d70deb8028e0c39ff3164fdbf4d8b088130cd7"
  integrity sha1-ktcN64Ao4MOf8xZP2/TYsIgTDNc=

make-error@^1.1.1:
  version "1.3.5"
  resolved "https://registry.npm.taobao.org/make-error/download/make-error-1.3.5.tgz#efe4e81f6db28cadd605c70f29c831b58ef776c8"
  integrity sha1-7+ToH22yjK3WBccPKcgxtY73dsg=

node-fetch@^2.6.0:
  version "2.6.0"
  resolved "https://registry.npm.taobao.org/node-fetch/download/node-fetch-2.6.0.tgz#e633456386d4aa55863f676a7ab0daa8fdecb0fd"
  integrity sha1-5jNFY4bUqlWGP2dqerDaqP3ssP0=

optimism@^0.10.0:
  version "0.10.3"
  resolved "https://registry.npm.taobao.org/optimism/download/optimism-0.10.3.tgz#163268fdc741dea2fb50f300bedda80356445fd7"
  integrity sha1-FjJo/cdB3qL7UPMAvt2oA1ZEX9c=
  dependencies:
    "@wry/context" "^0.4.0"

source-map-support@^0.5.6:
  version "0.5.13"
  resolved "https://registry.npm.taobao.org/source-map-support/download/source-map-support-0.5.13.tgz#31b24a9c2e73c2de85066c0feb7d44767ed52932"
  integrity sha1-MbJKnC5zwt6FBmwP631Edn7VKTI=
  dependencies:
    buffer-from "^1.0.0"
    source-map "^0.6.0"

source-map@^0.6.0:
  version "0.6.1"
  resolved "https://registry.npm.taobao.org/source-map/download/source-map-0.6.1.tgz#74722af32e9614e9c287a8d0bbde48b5e2f1a263"
  integrity sha1-dHIq8y6WFOnCh6jQu95IteLxomM=

symbol-observable@^1.0.2:
  version "1.2.0"
  resolved "https://registry.npm.taobao.org/symbol-observable/download/symbol-observable-1.2.0.tgz#c22688aed4eab3cdc2dfeacbb561660560a00804"
  integrity sha1-wiaIrtTqs83C3+rLtWFmBWCgCAQ=

ts-invariant@^0.4.0:
  version "0.4.4"
  resolved "https://registry.npm.taobao.org/ts-invariant/download/ts-invariant-0.4.4.tgz#97a523518688f93aafad01b0e80eb803eb2abd86"
  integrity sha1-l6UjUYaI+TqvrQGw6A64A+sqvYY=
  dependencies:
    tslib "^1.9.3"

ts-node@^8.3.0:
  version "8.4.1"
  resolved "https://registry.npm.taobao.org/ts-node/download/ts-node-8.4.1.tgz#270b0dba16e8723c9fa4f9b4775d3810fd994b4f"
  integrity sha1-JwsNuhbocjyfpPm0d104EP2ZS08=
  dependencies:
    arg "^4.1.0"
    diff "^4.0.1"
    make-error "^1.1.1"
    source-map-support "^0.5.6"
    yn "^3.0.0"

tslib@^1.9.3:
  version "1.10.0"
  resolved "https://registry.npm.taobao.org/tslib/download/tslib-1.10.0.tgz#c3c19f95973fb0a62973fb09d90d961ee43e5c8a"
  integrity sha1-w8GflZc/sKYpc/sJ2Q2WHuQ+XIo=

typescript@^3.5.3:
  version "3.6.4"
  resolved "https://registry.npm.taobao.org/typescript/download/typescript-3.6.4.tgz#b18752bb3792bc1a0281335f7f6ebf1bbfc5b91d"
  integrity sha1-sYdSuzeSvBoCgTNff26/G7/FuR0=

yn@^3.0.0:
  version "3.1.1"
  resolved "https://registry.npm.taobao.org/yn/download/yn-3.1.1.tgz?cache=0&other_urls=https%3A%2F%2Fregistry.npm.taobao.org%2Fyn%2Fdownload%2Fyn-3.1.1.tgz#1e87401a09d767c1d5eab26a6e4c185182d2eb50"
  integrity sha1-HodAGgnXZ8HV6rJqbkwYUYLS61A=

zen-observable-ts@^0.8.20:
  version "0.8.20"
  resolved "https://registry.npm.taobao.org/zen-observable-ts/download/zen-observable-ts-0.8.20.tgz?cache=0&sync_timestamp=1567787459639&other_urls=https%3A%2F%2Fregistry.npm.taobao.org%2Fzen-observable-ts%2Fdownload%2Fzen-observable-ts-0.8.20.tgz#44091e335d3fcbc97f6497e63e7f57d5b516b163"
  integrity sha1-RAkeM10/y8l/ZJfmPn9X1bUWsWM=
  dependencies:
    tslib "^1.9.3"
    zen-observable "^0.8.0"

zen-observable@^0.8.0:
  version "0.8.14"
  resolved "https://registry.npm.taobao.org/zen-observable/download/zen-observable-0.8.14.tgz#d33058359d335bc0db1f0af66158b32872af3bf7"
  integrity sha1-0zBYNZ0zW8DbHwr2YVizKHKvO/c=
